
Microsoft Visual Studio Solution File, Format Version 12.00
# Visual Studio 15
VisualStudioVersion = 15.0.27703.2035
MinimumVisualStudioVersion = 10.0.40219.1
Project("{FAE04EC0-301F-11D3-BF4B-00C04F79EFBC}") = "GreenLock", "GreenLock\GreenLock.csproj", "{1B659995-2E85-42DD-A661-92D660C6A0A4}"
EndProject
Project("{FAE04EC0-301F-11D3-BF4B-00C04F79EFBC}") = "TestForm", "TestForm\TestForm.csproj", "{1895EB45-7AF5-41E5-B37D-265B902DC93E}"
EndProject
Project("{FAE04EC0-301F-11D3-BF4B-00C04F79EFBC}") = "ClientUpdater", "..\ClientUpdater\ClientUpdater.csproj", "{91825A62-676A-4ACA-95D6-5B61D71B455B}"
EndProject
Project("{FAE04EC0-301F-11D3-BF4B-00C04F79EFBC}") = "UpdateCreater", "..\UpdateCreater\UpdateCreater.csproj", "{0B38AED7-F99E-492A-BBD5-EBA98C194E16}"
EndProject
Project("{54435603-DBB4-11D2-8724-00A0C9A8B90C}") = "GreenLockSetup", "GreenLockSetup\GreenLockSetup.vdproj", "{19172A92-1F70-4E52-B8F8-AA3E0760BECC}"
EndProject
Global
	GlobalSection(SolutionConfigurationPlatforms) = preSolution
		Debug|Any CPU = Debug|Any CPU
		Release|Any CPU = Release|Any CPU
	EndGlobalSection
	GlobalSection(ProjectConfigurationPlatforms) = postSolution
		{1B659995-2E85-42DD-A661-92D660C6A0A4}.Debug|Any CPU.ActiveCfg = Debug|Any CPU
		{1B659995-2E85-42DD-A661-92D660C6A0A4}.Debug|Any CPU.Build.0 = Debug|Any CPU
		{1B659995-2E85-42DD-A661-92D660C6A0A4}.Release|Any CPU.ActiveCfg = Release|Any CPU
		{1B659995-2E85-42DD-A661-92D660C6A0A4}.Release|Any CPU.Build.0 = Release|Any CPU
		{1895EB45-7AF5-41E5-B37D-265B902DC93E}.Debug|Any CPU.ActiveCfg = Debug|Any CPU
		{1895EB45-7AF5-41E5-B37D-265B902DC93E}.Debug|Any CPU.Build.0 = Debug|Any CPU
		{1895EB45-7AF5-41E5-B37D-265B902DC93E}.Release|Any CPU.ActiveCfg = Release|Any CPU
		{1895EB45-7AF5-41E5-B37D-265B902DC93E}.Release|Any CPU.Build.0 = Release|Any CPU
		{91825A62-676A-4ACA-95D6-5B61D71B455B}.Debug|Any CPU.ActiveCfg = Debug|Any CPU
		{91825A62-676A-4ACA-95D6-5B61D71B455B}.Debug|Any CPU.Build.0 = Debug|Any CPU
		{91825A62-676A-4ACA-95D6-5B61D71B455B}.Release|Any CPU.ActiveCfg = Release|Any CPU
		{91825A62-676A-4ACA-95D6-5B61D71B455B}.Release|Any CPU.Build.0 = Release|Any CPU
		{0B38AED7-F99E-492A-BBD5-EBA98C194E16}.Debug|Any CPU.ActiveCfg = Debug|Any CPU
		{0B38AED7-F99E-492A-BBD5-EBA98C194E16}.Debug|Any CPU.Build.0 = Debug|Any CPU
		{0B38AED7-F99E-492A-BBD5-EBA98C194E16}.Release|Any CPU.ActiveCfg = Release|Any CPU
		{0B38AED7-F99E-492A-BBD5-EBA98C194E16}.Release|Any CPU.Build.0 = Release|Any CPU
		{19172A92-1F70-4E52-B8F8-AA3E0760BECC}.Debug|Any CPU.ActiveCfg = Debug
		{19172A92-1F70-4E52-B8F8-AA3E0760BECC}.Release|Any CPU.ActiveCfg = Release
	EndGlobalSection
	GlobalSection(SolutionProperties) = preSolution
		HideSolutionNode = FALSE
	EndGlobalSection
	GlobalSection(ExtensibilityGlobals) = postSolution
		SolutionGuid = {8812BFE5-C1CB-4DD9-92A8-05D8AA670304}
	EndGlobalSection
EndGlobal
